
Microsoft Visual Studio Solution File, Format Version 12.00
# Visual Studio Version 17
VisualStudioVersion = 17.14.36811.4 d17.14
MinimumVisualStudioVersion = 10.0.40219.1
Project("{FAE04EC0-301F-11D3-BF4B-00C04F79EFBC}") = "WpfApp1", "WpfApp1\WpfApp1.csproj", "{3246C691-7588-4051-A991-D10210D2FC3A}"
EndProject
Global
	GlobalSection(SolutionConfigurationPlatforms) = preSolution
		Debug|Any CPU = Debug|Any CPU
		Release|Any CPU = Release|Any CPU
	EndGlobalSection
	GlobalSection(ProjectConfigurationPlatforms) = postSolution
		{3246C691-7588-4051-A991-D10210D2FC3A}.Debug|Any CPU.ActiveCfg = Debug|Any CPU
		{3246C691-7588-4051-A991-D10210D2FC3A}.Debug|Any CPU.Build.0 = Debug|Any CPU
		{3246C691-7588-4051-A991-D10210D2FC3A}.Release|Any CPU.ActiveCfg = Release|Any CPU
		{3246C691-7588-4051-A991-D10210D2FC3A}.Release|Any CPU.Build.0 = Release|Any CPU
	EndGlobalSection
	GlobalSection(SolutionProperties) = preSolution
		HideSolutionNode = FALSE
	EndGlobalSection
	GlobalSection(ExtensibilityGlobals) = postSolution
		SolutionGuid = {F9D9DA93-7435-4DC3-A224-0E9C5BDB5B4B}
	EndGlobalSection
EndGlobal
